
Microsoft Visual Studio Solution File, Format Version 12.00
# Visual Studio Version 16
VisualStudioVersion = 16.0.30804.86
MinimumVisualStudioVersion = 10.0.40219.1
Project("{888888A0-9F3D-457C-B088-3A5042F75D52}") = "LR2", "LR2\LR2.pyproj", "{A463FFD3-2CA8-44B2-BE26-9A5D679E47B0}"
EndProject
Global
	GlobalSection(SolutionConfigurationPlatforms) = preSolution
		Debug|Any CPU = Debug|Any CPU
		Release|Any CPU = Release|Any CPU
	EndGlobalSection
	GlobalSection(ProjectConfigurationPlatforms) = postSolution
		{A463FFD3-2CA8-44B2-BE26-9A5D679E47B0}.Debug|Any CPU.ActiveCfg = Debug|Any CPU
		{A463FFD3-2CA8-44B2-BE26-9A5D679E47B0}.Release|Any CPU.ActiveCfg = Release|Any CPU
	EndGlobalSection
	GlobalSection(SolutionProperties) = preSolution
		HideSolutionNode = FALSE
	EndGlobalSection
	GlobalSection(ExtensibilityGlobals) = postSolution
		SolutionGuid = {7E5C191C-EAEA-4FFC-9762-30E005FD1F8D}
	EndGlobalSection
EndGlobal
